// !$*UTF8*$!
{
	archiveVersion = 1;
	classes = {
	};
	objectVersion = 77;
	objects = {

/* Begin PBXContainerItemProxy section */
		F5D3AEAA2D45E08100152122 /* PBXContainerItemProxy */ = {
			isa = PBXContainerItemProxy;
			containerPortal = F5D3AE912D45E08000152122 /* Project object */;
			proxyType = 1;
			remoteGlobalIDString = F5D3AE982D45E08000152122;
			remoteInfo = swiftUIChatter;
		};
		F5D3AEB42D45E08100152122 /* PBXContainerItemProxy */ = {
			isa = PBXContainerItemProxy;
			containerPortal = F5D3AE912D45E08000152122 /* Project object */;
			proxyType = 1;
			remoteGlobalIDString = F5D3AE982D45E08000152122;
			remoteInfo = swiftUIChatter;
		};
/* End PBXContainerItemProxy section */

/* Begin PBXFileReference section */
		F5D3AE992D45E08000152122 /* swiftUIChatter.app */ = {isa = PBXFileReference; explicitFileType = wrapper.application; includeInIndex = 0; path = swiftUIChatter.app; sourceTree = BUILT_PRODUCTS_DIR; };
		F5D3AEA92D45E08100152122 /* swiftUIChatterTests.xctest */ = {isa = PBXFileReference; explicitFileType = wrapper.cfbundle; includeInIndex = 0; path = swiftUIChatterTests.xctest; sourceTree = BUILT_PRODUCTS_DIR; };
		F5D3AEB32D45E08100152122 /* swiftUIChatterUITests.xctest */ = {isa = PBXFileReference; explicitFileType = wrapper.cfbundle; includeInIndex = 0; path = swiftUIChatterUITests.xctest; sourceTree = BUILT_PRODUCTS_DIR; };
/* End PBXFileReference section */

/* Begin PBXFileSystemSynchronizedRootGroup section */
		F5D3AE9B2D45E08000152122 /* swiftUIChatter */ = {
			isa = PBXFileSystemSynchronizedRootGroup;
			path = swiftUIChatter;
			sourceTree = "<group>";
		};
		F5D3AEAC2D45E08100152122 /* swiftUIChatterTests */ = {
			isa = PBXFileSystemSynchronizedRootGroup;
			path = swiftUIChatterTests;
			sourceTree = "<group>";
		};
		F5D3AEB62D45E08100152122 /* swiftUIChatterUITests */ = {
			isa = PBXFileSystemSynchronizedRootGroup;
			path = swiftUIChatterUITests;
			sourceTree = "<group>";
		};
/* End PBXFileSystemSynchronizedRootGroup section */

/* Begin PBXFrameworksBuildPhase section */
		F5D3AE962D45E08000152122 /* Frameworks */ = {
			isa = PBXFrameworksBuildPhase;
			buildActionMask = 2147483647;
			files = (
			);
			runOnlyForDeploymentPostprocessing = 0;
		};
		F5D3AEA62D45E08100152122 /* Frameworks */ = {
			isa = PBXFrameworksBuildPhase;
			buildActionMask = 2147483647;
			files = (
			);
			runOnlyForDeploymentPostprocessing = 0;
		};
		F5D3AEB02D45E08100152122 /* Frameworks */ = {
			isa = PBXFrameworksBuildPhase;
			buildActionMask = 2147483647;
			files = (
			);
			runOnlyForDeploymentPostprocessing = 0;
		};
/* End PBXFrameworksBuildPhase section */

/* Begin PBXGroup section */
		F5D3AE902D45E08000152122 = {
			isa = PBXGroup;
			children = (
				F5D3AE9B2D45E08000152122 /* swiftUIChatter */,
				F5D3AEAC2D45E08100152122 /* swiftUIChatterTests */,
				F5D3AEB62D45E08100152122 /* swiftUIChatterUITests */,
				F5D3AE9A2D45E08000152122 /* Products */,
			);
			sourceTree = "<group>";
		};
		F5D3AE9A2D45E08000152122 /* Products */ = {
			isa = PBXGroup;
			children = (
				F5D3AE992D45E08000152122 /* swiftUIChatter.app */,
				F5D3AEA92D45E08100152122 /* swiftUIChatterTests.xctest */,
				F5D3AEB32D45E08100152122 /* swiftUIChatterUITests.xctest */,
			);
			name = Products;
			sourceTree = "<group>";
		};
/* End PBXGroup section */

/* Begin PBXNativeTarget section */
		F5D3AE982D45E08000152122 /* swiftUIChatter */ = {
			isa = PBXNativeTarget;
			buildConfigurationList = F5D3AEBD2D45E08100152122 /* Build configuration list for PBXNativeTarget "swiftUIChatter" */;
			buildPhases = (
				F5D3AE952D45E08000152122 /* Sources */,
				F5D3AE962D45E08000152122 /* Frameworks */,
				F5D3AE972D45E08000152122 /* Resources */,
			);
			buildRules = (
			);
			dependencies = (
			);
			fileSystemSynchronizedGroups = (
				F5D3AE9B2D45E08000152122 /* swiftUIChatter */,
			);
			name = swiftUIChatter;
			packageProductDependencies = (
			);
			productName = swiftUIChatter;
			productReference = F5D3AE992D45E08000152122 /* swiftUIChatter.app */;
			productType = "com.apple.product-type.application";
		};
		F5D3AEA82D45E08100152122 /* swiftUIChatterTests */ = {
			isa = PBXNativeTarget;
			buildConfigurationList = F5D3AEC02D45E08100152122 /* Build configuration list for PBXNativeTarget "swiftUIChatterTests" */;
			buildPhases = (
				F5D3AEA52D45E08100152122 /* Sources */,
				F5D3AEA62D45E08100152122 /* Frameworks */,
				F5D3AEA72D45E08100152122 /* Resources */,
			);
			buildRules = (
			);
			dependencies = (
				F5D3AEAB2D45E08100152122 /* PBXTargetDependency */,
			);
			fileSystemSynchronizedGroups = (
				F5D3AEAC2D45E08100152122 /* swiftUIChatterTests */,
			);
			name = swiftUIChatterTests;
			packageProductDependencies = (
			);
			productName = swiftUIChatterTests;
			productReference = F5D3AEA92D45E08100152122 /* swiftUIChatterTests.xctest */;
			productType = "com.apple.product-type.bundle.unit-test";
		};
		F5D3AEB22D45E08100152122 /* swiftUIChatterUITests */ = {
			isa = PBXNativeTarget;
			buildConfigurationList = F5D3AEC32D45E08100152122 /* Build configuration list for PBXNativeTarget "swiftUIChatterUITests" */;
			buildPhases = (
				F5D3AEAF2D45E08100152122 /* Sources */,
				F5D3AEB02D45E08100152122 /* Frameworks */,
				F5D3AEB12D45E08100152122 /* Resources */,
			);
			buildRules = (
			);
			dependencies = (
				F5D3AEB52D45E08100152122 /* PBXTargetDependency */,
			);
			fileSystemSynchronizedGroups = (
				F5D3AEB62D45E08100152122 /* swiftUIChatterUITests */,
			);
			name = swiftUIChatterUITests;
			packageProductDependencies = (
			);
			productName = swiftUIChatterUITests;
			productReference = F5D3AEB32D45E08100152122 /* swiftUIChatterUITests.xctest */;
			productType = "com.apple.product-type.bundle.ui-testing";
		};
/* End PBXNativeTarget section */

/* Begin PBXProject section */
		F5D3AE912D45E08000152122 /* Project object */ = {
			isa = PBXProject;
			attributes = {
				BuildIndependentTargetsInParallel = 1;
				LastSwiftUpdateCheck = 1620;
				LastUpgradeCheck = 1620;
				TargetAttributes = {
					F5D3AE982D45E08000152122 = {
						CreatedOnToolsVersion = 16.2;
					};
					F5D3AEA82D45E08100152122 = {
						CreatedOnToolsVersion = 16.2;
						TestTargetID = F5D3AE982D45E08000152122;
					};
					F5D3AEB22D45E08100152122 = {
						CreatedOnToolsVersion = 16.2;
						TestTargetID = F5D3AE982D45E08000152122;
					};
				};
			};
			buildConfigurationList = F5D3AE942D45E08000152122 /* Build configuration list for PBXProject "swiftUIChatter" */;
			developmentRegion = en;
			hasScannedForEncodings = 0;
			knownRegions = (
				en,
				Base,
			);
			mainGroup = F5D3AE902D45E08000152122;
			minimizedProjectReferenceProxies = 1;
			preferredProjectObjectVersion = 77;
			productRefGroup = F5D3AE9A2D45E08000152122 /* Products */;
			projectDirPath = "";
			projectRoot = "";
			targets = (
				F5D3AE982D45E08000152122 /* swiftUIChatter */,
				F5D3AEA82D45E08100152122 /* swiftUIChatterTests */,
				F5D3AEB22D45E08100152122 /* swiftUIChatterUITests */,
			);
		};
/* End PBXProject section */

/* Begin PBXResourcesBuildPhase section */
		F5D3AE972D45E08000152122 /* Resources */ = {
			isa = PBXResourcesBuildPhase;
			buildActionMask = 2147483647;
			files = (
			);
			runOnlyForDeploymentPostprocessing = 0;
		};
		F5D3AEA72D45E08100152122 /* Resources */ = {
			isa = PBXResourcesBuildPhase;
			buildActionMask = 2147483647;
			files = (
			);
			runOnlyForDeploymentPostprocessing = 0;
		};
		F5D3AEB12D45E08100152122 /* Resources */ = {
			isa = PBXResourcesBuildPhase;
			buildActionMask = 2147483647;
			files = (
			);
			runOnlyForDeploymentPostprocessing = 0;
		};
/* End PBXResourcesBuildPhase section */

/* Begin PBXSourcesBuildPhase section */
		F5D3AE952D45E08000152122 /* Sources */ = {
			isa = PBXSourcesBuildPhase;
			buildActionMask = 2147483647;
			files = (
			);
			runOnlyForDeploymentPostprocessing = 0;
		};
		F5D3AEA52D45E08100152122 /* Sources */ = {
			isa = PBXSourcesBuildPhase;
			buildActionMask = 2147483647;
			files = (
			);
			runOnlyForDeploymentPostprocessing = 0;
		};
		F5D3AEAF2D45E08100152122 /* Sources */ = {
			isa = PBXSourcesBuildPhase;
			buildActionMask = 2147483647;
			files = (
			);
			runOnlyForDeploymentPostprocessing = 0;
		};
/* End PBXSourcesBuildPhase section */

/* Begin PBXTargetDependency section */
		F5D3AEAB2D45E08100152122 /* PBXTargetDependency */ = {
			isa = PBXTargetDependency;
			target = F5D3AE982D45E08000152122 /* swiftUIChatter */;
			targetProxy = F5D3AEAA2D45E08100152122 /* PBXContainerItemProxy */;
		};
		F5D3AEB52D45E08100152122 /* PBXTargetDependency */ = {
			isa = PBXTargetDependency;
			target = F5D3AE982D45E08000152122 /* swiftUIChatter */;
			targetProxy = F5D3AEB42D45E08100152122 /* PBXContainerItemProxy */;
		};
/* End PBXTargetDependency section */

/* Begin XCBuildConfiguration section */
		F5D3AEBB2D45E08100152122 /* Debug */ = {
			isa = XCBuildConfiguration;
			buildSettings = {
				ALWAYS_SEARCH_USER_PATHS = NO;
				ASSETCATALOG_COMPILER_GENERATE_SWIFT_ASSET_SYMBOL_EXTENSIONS = YES;
				CLANG_ANALYZER_NONNULL = YES;
				CLANG_ANALYZER_NUMBER_OBJECT_CONVERSION = YES_AGGRESSIVE;
				CLANG_CXX_LANGUAGE_STANDARD = "gnu++20";
				CLANG_ENABLE_MODULES = YES;
				CLANG_ENABLE_OBJC_ARC = YES;
				CLANG_ENABLE_OBJC_WEAK = YES;
				CLANG_WARN_BLOCK_CAPTURE_AUTORELEASING = YES;
				CLANG_WARN_BOOL_CONVERSION = YES;
				CLANG_WARN_COMMA = YES;
				CLANG_WARN_CONSTANT_CONVERSION = YES;
				CLANG_WARN_DEPRECATED_OBJC_IMPLEMENTATIONS = YES;
				CLANG_WARN_DIRECT_OBJC_ISA_USAGE = YES_ERROR;
				CLANG_WARN_DOCUMENTATION_COMMENTS = YES;
				CLANG_WARN_EMPTY_BODY = YES;
				CLANG_WARN_ENUM_CONVERSION = YES;
				CLANG_WARN_INFINITE_RECURSION = YES;
				CLANG_WARN_INT_CONVERSION = YES;
				CLANG_WARN_NON_LITERAL_NULL_CONVERSION = YES;
				CLANG_WARN_OBJC_IMPLICIT_RETAIN_SELF = YES;
				CLANG_WARN_OBJC_LITERAL_CONVERSION = YES;
				CLANG_WARN_OBJC_ROOT_CLASS = YES_ERROR;
				CLANG_WARN_QUOTED_INCLUDE_IN_FRAMEWORK_HEADER = YES;
				CLANG_WARN_RANGE_LOOP_ANALYSIS = YES;
				CLANG_WARN_STRICT_PROTOTYPES = YES;
				CLANG_WARN_SUSPICIOUS_MOVE = YES;
				CLANG_WARN_UNGUARDED_AVAILABILITY = YES_AGGRESSIVE;
				CLANG_WARN_UNREACHABLE_CODE = YES;
				CLANG_WARN__DUPLICATE_METHOD_MATCH = YES;
				COPY_PHASE_STRIP = NO;
				DEBUG_INFORMATION_FORMAT = dwarf;
				ENABLE_STRICT_OBJC_MSGSEND = YES;
				ENABLE_TESTABILITY = YES;
				ENABLE_USER_SCRIPT_SANDBOXING = YES;
				GCC_C_LANGUAGE_STANDARD = gnu17;
				GCC_DYNAMIC_NO_PIC = NO;
				GCC_NO_COMMON_BLOCKS = YES;
				GCC_OPTIMIZATION_LEVEL = 0;
				GCC_PREPROCESSOR_DEFINITIONS = (
					"DEBUG=1",
					"$(inherited)",
				);
				GCC_WARN_64_TO_32_BIT_CONVERSION = YES;
				GCC_WARN_ABOUT_RETURN_TYPE = YES_ERROR;
				GCC_WARN_UNDECLARED_SELECTOR = YES;
				GCC_WARN_UNINITIALIZED_AUTOS = YES_AGGRESSIVE;
				GCC_WARN_UNUSED_FUNCTION = YES;
				GCC_WARN_UNUSED_VARIABLE = YES;
				IPHONEOS_DEPLOYMENT_TARGET = 18.2;
				LOCALIZATION_PREFERS_STRING_CATALOGS = YES;
				MTL_ENABLE_DEBUG_INFO = INCLUDE_SOURCE;
				MTL_FAST_MATH = YES;
				ONLY_ACTIVE_ARCH = YES;
				SDKROOT = iphoneos;
				SWIFT_ACTIVE_COMPILATION_CONDITIONS = "DEBUG $(inherited)";
				SWIFT_OPTIMIZATION_LEVEL = "-Onone";
			};
			name = Debug;
		};
		F5D3AEBC2D45E08100152122 /* Release */ = {
			isa = XCBuildConfiguration;
			buildSettings = {
				ALWAYS_SEARCH_USER_PATHS = NO;
				ASSETCATALOG_COMPILER_GENERATE_SWIFT_ASSET_SYMBOL_EXTENSIONS = YES;
				CLANG_ANALYZER_NONNULL = YES;
				CLANG_ANALYZER_NUMBER_OBJECT_CONVERSION = YES_AGGRESSIVE;
				CLANG_CXX_LANGUAGE_STANDARD = "gnu++20";
				CLANG_ENABLE_MODULES = YES;
				CLANG_ENABLE_OBJC_ARC = YES;
				CLANG_ENABLE_OBJC_WEAK = YES;
				CLANG_WARN_BLOCK_CAPTURE_AUTORELEASING = YES;
				CLANG_WARN_BOOL_CONVERSION = YES;
				CLANG_WARN_COMMA = YES;
				CLANG_WARN_CONSTANT_CONVERSION = YES;
				CLANG_WARN_DEPRECATED_OBJC_IMPLEMENTATIONS = YES;
				CLANG_WARN_DIRECT_OBJC_ISA_USAGE = YES_ERROR;
				CLANG_WARN_DOCUMENTATION_COMMENTS = YES;
				CLANG_WARN_EMPTY_BODY = YES;
				CLANG_WARN_ENUM_CONVERSION = YES;
				CLANG_WARN_INFINITE_RECURSION = YES;
				CLANG_WARN_INT_CONVERSION = YES;
				CLANG_WARN_NON_LITERAL_NULL_CONVERSION = YES;
				CLANG_WARN_OBJC_IMPLICIT_RETAIN_SELF = YES;
				CLANG_WARN_OBJC_LITERAL_CONVERSION = YES;
				CLANG_WARN_OBJC_ROOT_CLASS = YES_ERROR;
				CLANG_WARN_QUOTED_INCLUDE_IN_FRAMEWORK_HEADER = YES;
				CLANG_WARN_RANGE_LOOP_ANALYSIS = YES;
				CLANG_WARN_STRICT_PROTOTYPES = YES;
				CLANG_WARN_SUSPICIOUS_MOVE = YES;
				CLANG_WARN_UNGUARDED_AVAILABILITY = YES_AGGRESSIVE;
				CLANG_WARN_UNREACHABLE_CODE = YES;
				CLANG_WARN__DUPLICATE_METHOD_MATCH = YES;
				COPY_PHASE_STRIP = NO;
				DEBUG_INFORMATION_FORMAT = "dwarf-with-dsym";
				ENABLE_NS_ASSERTIONS = NO;
				ENABLE_STRICT_OBJC_MSGSEND = YES;
				ENABLE_USER_SCRIPT_SANDBOXING = YES;
				GCC_C_LANGUAGE_STANDARD = gnu17;
				GCC_NO_COMMON_BLOCKS = YES;
				GCC_WARN_64_TO_32_BIT_CONVERSION = YES;
				GCC_WARN_ABOUT_RETURN_TYPE = YES_ERROR;
				GCC_WARN_UNDECLARED_SELECTOR = YES;
				GCC_WARN_UNINITIALIZED_AUTOS = YES_AGGRESSIVE;
				GCC_WARN_UNUSED_FUNCTION = YES;
				GCC_WARN_UNUSED_VARIABLE = YES;
				IPHONEOS_DEPLOYMENT_TARGET = 18.2;
				LOCALIZATION_PREFERS_STRING_CATALOGS = YES;
				MTL_ENABLE_DEBUG_INFO = NO;
				MTL_FAST_MATH = YES;
				SDKROOT = iphoneos;
				SWIFT_COMPILATION_MODE = wholemodule;
				VALIDATE_PRODUCT = YES;
			};
			name = Release;
		};
		F5D3AEBE2D45E08100152122 /* Debug */ = {
			isa = XCBuildConfiguration;
			buildSettings = {
				ASSETCATALOG_COMPILER_APPICON_NAME = AppIcon;
				ASSETCATALOG_COMPILER_GLOBAL_ACCENT_COLOR_NAME = AccentColor;
				CODE_SIGN_STYLE = Automatic;
				CURRENT_PROJECT_VERSION = 1;
				DEVELOPMENT_ASSET_PATHS = "\"swiftUIChatter/Preview Content\"";
				ENABLE_PREVIEWS = YES;
				GENERATE_INFOPLIST_FILE = YES;
				INFOPLIST_KEY_UIApplicationSceneManifest_Generation = YES;
				INFOPLIST_KEY_UIApplicationSupportsIndirectInputEvents = YES;
				INFOPLIST_KEY_UILaunchScreen_Generation = YES;
				INFOPLIST_KEY_UISupportedInterfaceOrientations_iPad = "UIInterfaceOrientationPortrait UIInterfaceOrientationPortraitUpsideDown UIInterfaceOrientationLandscapeLeft UIInterfaceOrientationLandscapeRight";
				INFOPLIST_KEY_UISupportedInterfaceOrientations_iPhone = "UIInterfaceOrientationPortrait UIInterfaceOrientationLandscapeLeft UIInterfaceOrientationLandscapeRight";
				LD_RUNPATH_SEARCH_PATHS = (
					"$(inherited)",
					"@executable_path/Frameworks",
				);
				MARKETING_VERSION = 1.0;
				PRODUCT_BUNDLE_IDENTIFIER = edu.mich.ninashec.swiftUIChatter;
				PRODUCT_NAME = "$(TARGET_NAME)";
				SWIFT_EMIT_LOC_STRINGS = YES;
				SWIFT_VERSION = 5.0;
				TARGETED_DEVICE_FAMILY = "1,2";
			};
			name = Debug;
		};
		F5D3AEBF2D45E08100152122 /* Release */ = {
			isa = XCBuildConfiguration;
			buildSettings = {
				ASSETCATALOG_COMPILER_APPICON_NAME = AppIcon;
				ASSETCATALOG_COMPILER_GLOBAL_ACCENT_COLOR_NAME = AccentColor;
				CODE_SIGN_STYLE = Automatic;
				CURRENT_PROJECT_VERSION = 1;
				DEVELOPMENT_ASSET_PATHS = "\"swiftUIChatter/Preview Content\"";
				ENABLE_PREVIEWS = YES;
				GENERATE_INFOPLIST_FILE = YES;
				INFOPLIST_KEY_UIApplicationSceneManifest_Generation = YES;
				INFOPLIST_KEY_UIApplicationSupportsIndirectInputEvents = YES;
				INFOPLIST_KEY_UILaunchScreen_Generation = YES;
				INFOPLIST_KEY_UISupportedInterfaceOrientations_iPad = "UIInterfaceOrientationPortrait UIInterfaceOrientationPortraitUpsideDown UIInterfaceOrientationLandscapeLeft UIInterfaceOrientationLandscapeRight";
				INFOPLIST_KEY_UISupportedInterfaceOrientations_iPhone = "UIInterfaceOrientationPortrait UIInterfaceOrientationLandscapeLeft UIInterfaceOrientationLandscapeRight";
				LD_RUNPATH_SEARCH_PATHS = (
					"$(inherited)",
					"@executable_path/Frameworks",
				);
				MARKETING_VERSION = 1.0;
				PRODUCT_BUNDLE_IDENTIFIER = edu.mich.ninashec.swiftUIChatter;
				PRODUCT_NAME = "$(TARGET_NAME)";
				SWIFT_EMIT_LOC_STRINGS = YES;
				SWIFT_VERSION = 5.0;
				TARGETED_DEVICE_FAMILY = "1,2";
			};
			name = Release;
		};
		F5D3AEC12D45E08100152122 /* Debug */ = {
			isa = XCBuildConfiguration;
			buildSettings = {
				BUNDLE_LOADER = "$(TEST_HOST)";
				CODE_SIGN_STYLE = Automatic;
				CURRENT_PROJECT_VERSION = 1;
				GENERATE_INFOPLIST_FILE = YES;
				IPHONEOS_DEPLOYMENT_TARGET = 18.2;
				MARKETING_VERSION = 1.0;
				PRODUCT_BUNDLE_IDENTIFIER = edu.mich.ninashec.swiftUIChatterTests;
				PRODUCT_NAME = "$(TARGET_NAME)";
				SWIFT_EMIT_LOC_STRINGS = NO;
				SWIFT_VERSION = 5.0;
				TARGETED_DEVICE_FAMILY = "1,2";
				TEST_HOST = "$(BUILT_PRODUCTS_DIR)/swiftUIChatter.app/$(BUNDLE_EXECUTABLE_FOLDER_PATH)/swiftUIChatter";
			};
			name = Debug;
		};
		F5D3AEC22D45E08100152122 /* Release */ = {
			isa = XCBuildConfiguration;
			buildSettings = {
				BUNDLE_LOADER = "$(TEST_HOST)";
				CODE_SIGN_STYLE = Automatic;
				CURRENT_PROJECT_VERSION = 1;
				GENERATE_INFOPLIST_FILE = YES;
				IPHONEOS_DEPLOYMENT_TARGET = 18.2;
				MARKETING_VERSION = 1.0;
				PRODUCT_BUNDLE_IDENTIFIER = edu.mich.ninashec.swiftUIChatterTests;
				PRODUCT_NAME = "$(TARGET_NAME)";
				SWIFT_EMIT_LOC_STRINGS = NO;
				SWIFT_VERSION = 5.0;
				TARGETED_DEVICE_FAMILY = "1,2";
				TEST_HOST = "$(BUILT_PRODUCTS_DIR)/swiftUIChatter.app/$(BUNDLE_EXECUTABLE_FOLDER_PATH)/swiftUIChatter";
			};
			name = Release;
		};
		F5D3AEC42D45E08100152122 /* Debug */ = {
			isa = XCBuildConfiguration;
			buildSettings = {
				CODE_SIGN_STYLE = Automatic;
				CURRENT_PROJECT_VERSION = 1;
				GENERATE_INFOPLIST_FILE = YES;
				MARKETING_VERSION = 1.0;
				PRODUCT_BUNDLE_IDENTIFIER = edu.mich.ninashec.swiftUIChatterUITests;
				PRODUCT_NAME = "$(TARGET_NAME)";
				SWIFT_EMIT_LOC_STRINGS = NO;
				SWIFT_VERSION = 5.0;
				TARGETED_DEVICE_FAMILY = "1,2";
				TEST_TARGET_NAME = swiftUIChatter;
			};
			name = Debug;
		};
		F5D3AEC52D45E08100152122 /* Release */ = {
			isa = XCBuildConfiguration;
			buildSettings = {
				CODE_SIGN_STYLE = Automatic;
				CURRENT_PROJECT_VERSION = 1;
				GENERATE_INFOPLIST_FILE = YES;
				MARKETING_VERSION = 1.0;
				PRODUCT_BUNDLE_IDENTIFIER = edu.mich.ninashec.swiftUIChatterUITests;
				PRODUCT_NAME = "$(TARGET_NAME)";
				SWIFT_EMIT_LOC_STRINGS = NO;
				SWIFT_VERSION = 5.0;
				TARGETED_DEVICE_FAMILY = "1,2";
				TEST_TARGET_NAME = swiftUIChatter;
			};
			name = Release;
		};
/* End XCBuildConfiguration section */

/* Begin XCConfigurationList section */
		F5D3AE942D45E08000152122 /* Build configuration list for PBXProject "swiftUIChatter" */ = {
			isa = XCConfigurationList;
			buildConfigurations = (
				F5D3AEBB2D45E08100152122 /* Debug */,
				F5D3AEBC2D45E08100152122 /* Release */,
			);
			defaultConfigurationIsVisible = 0;
			defaultConfigurationName = Release;
		};
		F5D3AEBD2D45E08100152122 /* Build configuration list for PBXNativeTarget "swiftUIChatter" */ = {
			isa = XCConfigurationList;
			buildConfigurations = (
				F5D3AEBE2D45E08100152122 /* Debug */,
				F5D3AEBF2D45E08100152122 /* Release */,
			);
			defaultConfigurationIsVisible = 0;
			defaultConfigurationName = Release;
		};
		F5D3AEC02D45E08100152122 /* Build configuration list for PBXNativeTarget "swiftUIChatterTests" */ = {
			isa = XCConfigurationList;
			buildConfigurations = (
				F5D3AEC12D45E08100152122 /* Debug */,
				F5D3AEC22D45E08100152122 /* Release */,
			);
			defaultConfigurationIsVisible = 0;
			defaultConfigurationName = Release;
		};
		F5D3AEC32D45E08100152122 /* Build configuration list for PBXNativeTarget "swiftUIChatterUITests" */ = {
			isa = XCConfigurationList;
			buildConfigurations = (
				F5D3AEC42D45E08100152122 /* Debug */,
				F5D3AEC52D45E08100152122 /* Release */,
			);
			defaultConfigurationIsVisible = 0;
			defaultConfigurationName = Release;
		};
/* End XCConfigurationList section */
	};
	rootObject = F5D3AE912D45E08000152122 /* Project object */;
}
